
Microsoft Visual Studio Solution File, Format Version 12.00
# Visual Studio Version 17
VisualStudioVersion = 17.10.35013.160
MinimumVisualStudioVersion = 10.0.40219.1
Project("{8BC9CEB8-8B4A-11D0-8D11-00A0C91BC942}") = "Exercise1", "Exercise1.vcxproj", "{66AC1FD9-020C-4A8E-BF79-E13256135221}"
EndProject
Global
	GlobalSection(SolutionConfigurationPlatforms) = preSolution
		Debug|x64 = Debug|x64
		Debug|x86 = Debug|x86
		Release|x64 = Release|x64
		Release|x86 = Release|x86
	EndGlobalSection
	GlobalSection(ProjectConfigurationPlatforms) = postSolution
		{66AC1FD9-020C-4A8E-BF79-E13256135221}.Debug|x64.ActiveCfg = Debug|x64
		{66AC1FD9-020C-4A8E-BF79-E13256135221}.Debug|x64.Build.0 = Debug|x64
		{66AC1FD9-020C-4A8E-BF79-E13256135221}.Debug|x86.ActiveCfg = Debug|Win32
		{66AC1FD9-020C-4A8E-BF79-E13256135221}.Debug|x86.Build.0 = Debug|Win32
		{66AC1FD9-020C-4A8E-BF79-E13256135221}.Release|x64.ActiveCfg = Release|x64
		{66AC1FD9-020C-4A8E-BF79-E13256135221}.Release|x64.Build.0 = Release|x64
		{66AC1FD9-020C-4A8E-BF79-E13256135221}.Release|x86.ActiveCfg = Release|Win32
		{66AC1FD9-020C-4A8E-BF79-E13256135221}.Release|x86.Build.0 = Release|Win32
	EndGlobalSection
	GlobalSection(SolutionProperties) = preSolution
		HideSolutionNode = FALSE
	EndGlobalSection
	GlobalSection(ExtensibilityGlobals) = postSolution
		SolutionGuid = {3F137B9A-2EF7-46BE-995F-D5C25FC31626}
	EndGlobalSection
EndGlobal
